
Microsoft Visual Studio Solution File, Format Version 12.00
# Visual Studio Version 16
VisualStudioVersion = 16.0.34114.132
MinimumVisualStudioVersion = 10.0.40219.1
Project("{FAE04EC0-301F-11D3-BF4B-00C04F79EFBC}") = "Akhmetova41", "Akhmetova41\Akhmetova41.csproj", "{EB56083A-F3E7-42DE-BB6D-317582EDD0C0}"
EndProject
Global
	GlobalSection(SolutionConfigurationPlatforms) = preSolution
		Debug|Any CPU = Debug|Any CPU
		Release|Any CPU = Release|Any CPU
	EndGlobalSection
	GlobalSection(ProjectConfigurationPlatforms) = postSolution
		{EB56083A-F3E7-42DE-BB6D-317582EDD0C0}.Debug|Any CPU.ActiveCfg = Debug|Any CPU
		{EB56083A-F3E7-42DE-BB6D-317582EDD0C0}.Debug|Any CPU.Build.0 = Debug|Any CPU
		{EB56083A-F3E7-42DE-BB6D-317582EDD0C0}.Release|Any CPU.ActiveCfg = Release|Any CPU
		{EB56083A-F3E7-42DE-BB6D-317582EDD0C0}.Release|Any CPU.Build.0 = Release|Any CPU
	EndGlobalSection
	GlobalSection(SolutionProperties) = preSolution
		HideSolutionNode = FALSE
	EndGlobalSection
	GlobalSection(ExtensibilityGlobals) = postSolution
		SolutionGuid = {0C16C666-66B4-4C29-8D6F-20F16FC8CAAF}
	EndGlobalSection
EndGlobal
